
Microsoft Visual Studio Solution File, Format Version 12.00
# Visual Studio 14
VisualStudioVersion = 14.0.24720.0
MinimumVisualStudioVersion = 10.0.40219.1
Project("{8BC9CEB8-8B4A-11D0-8D11-00A0C91BC942}") = "WallPaper", "WallPaper.vcxproj", "{7A2B5C67-0741-4E94-9681-AFEC4918F440}"
	ProjectSection(ProjectDependencies) = postProject
		{63632DBC-1A79-4325-9332-C8C4269BA45A} = {63632DBC-1A79-4325-9332-C8C4269BA45A}
		{8170A6D1-83D7-4CD6-B104-522744D41F38} = {8170A6D1-83D7-4CD6-B104-522744D41F38}
	EndProjectSection
EndProject
Project("{8BC9CEB8-8B4A-11D0-8D11-00A0C91BC942}") = "glew_shared", "..\..\..\GitHub\ManaForge-Engine\src\OpenGLRenderer\GLEW\glew_shared\glew_shared.vcxproj", "{63632DBC-1A79-4325-9332-C8C4269BA45A}"
EndProject
Project("{8BC9CEB8-8B4A-11D0-8D11-00A0C91BC942}") = "GLFW3", "..\..\..\GitHub\ManaForge-Engine\src\OpenGLRenderer\GLFW\GLFW.vcxproj", "{8170A6D1-83D7-4CD6-B104-522744D41F38}"
EndProject
Global
	GlobalSection(SolutionConfigurationPlatforms) = preSolution
		Debug|x64 = Debug|x64
		Debug|x86 = Debug|x86
		Release|x64 = Release|x64
		Release|x86 = Release|x86
	EndGlobalSection
	GlobalSection(ProjectConfigurationPlatforms) = postSolution
		{7A2B5C67-0741-4E94-9681-AFEC4918F440}.Debug|x64.ActiveCfg = Debug|x64
		{7A2B5C67-0741-4E94-9681-AFEC4918F440}.Debug|x64.Build.0 = Debug|x64
		{7A2B5C67-0741-4E94-9681-AFEC4918F440}.Debug|x86.ActiveCfg = Debug|Win32
		{7A2B5C67-0741-4E94-9681-AFEC4918F440}.Debug|x86.Build.0 = Debug|Win32
		{7A2B5C67-0741-4E94-9681-AFEC4918F440}.Release|x64.ActiveCfg = Release|x64
		{7A2B5C67-0741-4E94-9681-AFEC4918F440}.Release|x64.Build.0 = Release|x64
		{7A2B5C67-0741-4E94-9681-AFEC4918F440}.Release|x86.ActiveCfg = Release|Win32
		{7A2B5C67-0741-4E94-9681-AFEC4918F440}.Release|x86.Build.0 = Release|Win32
		{63632DBC-1A79-4325-9332-C8C4269BA45A}.Debug|x64.ActiveCfg = Debug|x64
		{63632DBC-1A79-4325-9332-C8C4269BA45A}.Debug|x64.Build.0 = Debug|x64
		{63632DBC-1A79-4325-9332-C8C4269BA45A}.Debug|x86.ActiveCfg = Debug|Win32
		{63632DBC-1A79-4325-9332-C8C4269BA45A}.Debug|x86.Build.0 = Debug|Win32
		{63632DBC-1A79-4325-9332-C8C4269BA45A}.Release|x64.ActiveCfg = Release|x64
		{63632DBC-1A79-4325-9332-C8C4269BA45A}.Release|x64.Build.0 = Release|x64
		{63632DBC-1A79-4325-9332-C8C4269BA45A}.Release|x86.ActiveCfg = Release|Win32
		{63632DBC-1A79-4325-9332-C8C4269BA45A}.Release|x86.Build.0 = Release|Win32
		{8170A6D1-83D7-4CD6-B104-522744D41F38}.Debug|x64.ActiveCfg = Debug|x64
		{8170A6D1-83D7-4CD6-B104-522744D41F38}.Debug|x64.Build.0 = Debug|x64
		{8170A6D1-83D7-4CD6-B104-522744D41F38}.Debug|x86.ActiveCfg = Debug|Win32
		{8170A6D1-83D7-4CD6-B104-522744D41F38}.Debug|x86.Build.0 = Debug|Win32
		{8170A6D1-83D7-4CD6-B104-522744D41F38}.Release|x64.ActiveCfg = Release|x64
		{8170A6D1-83D7-4CD6-B104-522744D41F38}.Release|x64.Build.0 = Release|x64
		{8170A6D1-83D7-4CD6-B104-522744D41F38}.Release|x86.ActiveCfg = Release|Win32
		{8170A6D1-83D7-4CD6-B104-522744D41F38}.Release|x86.Build.0 = Release|Win32
	EndGlobalSection
	GlobalSection(SolutionProperties) = preSolution
		HideSolutionNode = FALSE
	EndGlobalSection
EndGlobal
